
Microsoft Visual Studio Solution File, Format Version 12.00
Project("{FAE04EC0-301F-11D3-BF4B-00C04F79EFBC}") = "Application", "Application\Application.csproj", "{7B01E23C-3D2D-49A4-99F3-BC6206E444F1}"
EndProject
Project("{FAE04EC0-301F-11D3-BF4B-00C04F79EFBC}") = "Domain", "Domain\Domain.csproj", "{D6DBDA06-3822-4288-BF79-AF5D0609D216}"
EndProject
Project("{FAE04EC0-301F-11D3-BF4B-00C04F79EFBC}") = "WebAPI", "WebAPI\WebAPI.csproj", "{A24DDCD0-98E1-4D19-A2A7-B971072529E7}"
EndProject
Project("{FAE04EC0-301F-11D3-BF4B-00C04F79EFBC}") = "HttpClients", "HttpClients\HttpClients.csproj", "{D285DD5A-7A81-444F-BA12-E09E06577291}"
EndProject
Project("{FAE04EC0-301F-11D3-BF4B-00C04F79EFBC}") = "BlazorApp", "BlazorApp\BlazorApp.csproj", "{320D4FC3-CF10-42A3-A85C-DDDE6EFBBB4B}"
EndProject
Project("{FAE04EC0-301F-11D3-BF4B-00C04F79EFBC}") = "FileData", "FileData\FileData.csproj", "{51CF6664-6899-4988-B0DB-DA055FF4E3CB}"
EndProject
Global
	GlobalSection(SolutionConfigurationPlatforms) = preSolution
		Debug|Any CPU = Debug|Any CPU
		Release|Any CPU = Release|Any CPU
	EndGlobalSection
	GlobalSection(ProjectConfigurationPlatforms) = postSolution
		{7B01E23C-3D2D-49A4-99F3-BC6206E444F1}.Debug|Any CPU.ActiveCfg = Debug|Any CPU
		{7B01E23C-3D2D-49A4-99F3-BC6206E444F1}.Debug|Any CPU.Build.0 = Debug|Any CPU
		{7B01E23C-3D2D-49A4-99F3-BC6206E444F1}.Release|Any CPU.ActiveCfg = Release|Any CPU
		{7B01E23C-3D2D-49A4-99F3-BC6206E444F1}.Release|Any CPU.Build.0 = Release|Any CPU
		{D6DBDA06-3822-4288-BF79-AF5D0609D216}.Debug|Any CPU.ActiveCfg = Debug|Any CPU
		{D6DBDA06-3822-4288-BF79-AF5D0609D216}.Debug|Any CPU.Build.0 = Debug|Any CPU
		{D6DBDA06-3822-4288-BF79-AF5D0609D216}.Release|Any CPU.ActiveCfg = Release|Any CPU
		{D6DBDA06-3822-4288-BF79-AF5D0609D216}.Release|Any CPU.Build.0 = Release|Any CPU
		{A24DDCD0-98E1-4D19-A2A7-B971072529E7}.Debug|Any CPU.ActiveCfg = Debug|Any CPU
		{A24DDCD0-98E1-4D19-A2A7-B971072529E7}.Debug|Any CPU.Build.0 = Debug|Any CPU
		{A24DDCD0-98E1-4D19-A2A7-B971072529E7}.Release|Any CPU.ActiveCfg = Release|Any CPU
		{A24DDCD0-98E1-4D19-A2A7-B971072529E7}.Release|Any CPU.Build.0 = Release|Any CPU
		{D285DD5A-7A81-444F-BA12-E09E06577291}.Debug|Any CPU.ActiveCfg = Debug|Any CPU
		{D285DD5A-7A81-444F-BA12-E09E06577291}.Debug|Any CPU.Build.0 = Debug|Any CPU
		{D285DD5A-7A81-444F-BA12-E09E06577291}.Release|Any CPU.ActiveCfg = Release|Any CPU
		{D285DD5A-7A81-444F-BA12-E09E06577291}.Release|Any CPU.Build.0 = Release|Any CPU
		{320D4FC3-CF10-42A3-A85C-DDDE6EFBBB4B}.Debug|Any CPU.ActiveCfg = Debug|Any CPU
		{320D4FC3-CF10-42A3-A85C-DDDE6EFBBB4B}.Debug|Any CPU.Build.0 = Debug|Any CPU
		{320D4FC3-CF10-42A3-A85C-DDDE6EFBBB4B}.Release|Any CPU.ActiveCfg = Release|Any CPU
		{320D4FC3-CF10-42A3-A85C-DDDE6EFBBB4B}.Release|Any CPU.Build.0 = Release|Any CPU
		{51CF6664-6899-4988-B0DB-DA055FF4E3CB}.Debug|Any CPU.ActiveCfg = Debug|Any CPU
		{51CF6664-6899-4988-B0DB-DA055FF4E3CB}.Debug|Any CPU.Build.0 = Debug|Any CPU
		{51CF6664-6899-4988-B0DB-DA055FF4E3CB}.Release|Any CPU.ActiveCfg = Release|Any CPU
		{51CF6664-6899-4988-B0DB-DA055FF4E3CB}.Release|Any CPU.Build.0 = Release|Any CPU
	EndGlobalSection
EndGlobal
