
Microsoft Visual Studio Solution File, Format Version 12.00
Project("{FAE04EC0-301F-11D3-BF4B-00C04F79EFBC}") = "Test", "Test\Test.csproj", "{C26C750C-1818-4CD3-95C4-DE1C0FE51C10}"
EndProject
Project("{FAE04EC0-301F-11D3-BF4B-00C04F79EFBC}") = "Domain", "Domain\Domain.csproj", "{CBA17FC4-5019-49CB-9FB1-A190C5B0292F}"
EndProject
Project("{FAE04EC0-301F-11D3-BF4B-00C04F79EFBC}") = "Blazor", "Blazor\Blazor.csproj", "{E35BF681-D1F3-45CB-BD02-412C5107652D}"
EndProject
Project("{FAE04EC0-301F-11D3-BF4B-00C04F79EFBC}") = "HTTPServices", "HTTPServices\HTTPServices.csproj", "{58DCF758-2128-49E0-A9B1-F54CF8584F73}"
EndProject
Global
	GlobalSection(SolutionConfigurationPlatforms) = preSolution
		Debug|Any CPU = Debug|Any CPU
		Release|Any CPU = Release|Any CPU
	EndGlobalSection
	GlobalSection(ProjectConfigurationPlatforms) = postSolution
		{C26C750C-1818-4CD3-95C4-DE1C0FE51C10}.Debug|Any CPU.ActiveCfg = Debug|Any CPU
		{C26C750C-1818-4CD3-95C4-DE1C0FE51C10}.Debug|Any CPU.Build.0 = Debug|Any CPU
		{C26C750C-1818-4CD3-95C4-DE1C0FE51C10}.Release|Any CPU.ActiveCfg = Release|Any CPU
		{C26C750C-1818-4CD3-95C4-DE1C0FE51C10}.Release|Any CPU.Build.0 = Release|Any CPU
		{CBA17FC4-5019-49CB-9FB1-A190C5B0292F}.Debug|Any CPU.ActiveCfg = Debug|Any CPU
		{CBA17FC4-5019-49CB-9FB1-A190C5B0292F}.Debug|Any CPU.Build.0 = Debug|Any CPU
		{CBA17FC4-5019-49CB-9FB1-A190C5B0292F}.Release|Any CPU.ActiveCfg = Release|Any CPU
		{CBA17FC4-5019-49CB-9FB1-A190C5B0292F}.Release|Any CPU.Build.0 = Release|Any CPU
		{E35BF681-D1F3-45CB-BD02-412C5107652D}.Debug|Any CPU.ActiveCfg = Debug|Any CPU
		{E35BF681-D1F3-45CB-BD02-412C5107652D}.Debug|Any CPU.Build.0 = Debug|Any CPU
		{E35BF681-D1F3-45CB-BD02-412C5107652D}.Release|Any CPU.ActiveCfg = Release|Any CPU
		{E35BF681-D1F3-45CB-BD02-412C5107652D}.Release|Any CPU.Build.0 = Release|Any CPU
		{58DCF758-2128-49E0-A9B1-F54CF8584F73}.Debug|Any CPU.ActiveCfg = Debug|Any CPU
		{58DCF758-2128-49E0-A9B1-F54CF8584F73}.Debug|Any CPU.Build.0 = Debug|Any CPU
		{58DCF758-2128-49E0-A9B1-F54CF8584F73}.Release|Any CPU.ActiveCfg = Release|Any CPU
		{58DCF758-2128-49E0-A9B1-F54CF8584F73}.Release|Any CPU.Build.0 = Release|Any CPU
	EndGlobalSection
EndGlobal
